{
  "name": "@erdemtuna/markdown-commenter",
  "version": "0.0.1-dev",
  "lockfileVersion": 3,
  "requires": true,
  "packages": {
    "": {
      "name": "@erdemtuna/markdown-commenter",
      "version": "0.0.1-dev",
      "license": "MIT",
      "dependencies": {
        "@erdemtuna/markdown-commenter": "^0.1.1"
      },
      "bin": {
        "markdown-commenter": "bin/cli.js"
      },
      "engines": {
        "node": ">=18.0.0"
      }
    },
    "node_modules/@erdemtuna/markdown-commenter": {
      "version": "0.1.1",
      "resolved": "https://registry.npmjs.org/@erdemtuna/markdown-commenter/-/markdown-commenter-0.1.1.tgz",
      "integrity": "sha512-rqoZkkSg6o5+OxPgsQR9dng7ScUYDWbwhKTqo7jjfjn045bIoITpsEfNNoBG8oRd1hzEjuoqUlm02d7sU0x8rQ==",
      "license": "MIT",
      "bin": {
        "markdown-commenter": "bin/cli.js"
      },
      "engines": {
        "node": ">=18.0.0"
      }
    }
  }
}
